// !$*UTF8*$!
{
	archiveVersion = 1;
	classes = {
	};
	objectVersion = 50;
	objects = {

/* Begin PBXBuildFile section */
		66A1509334CA2EDE84544134 /* Pods_TelePost.framework in Frameworks */ = {isa = PBXBuildFile; fileRef = 8F5E0FA5F38FA2851AF329CD /* Pods_TelePost.framework */; };
		BE16DA3F20B5A17900B4CC44 /* Client.swift in Sources */ = {isa = PBXBuildFile; fileRef = BE16DA3D20B5A17900B4CC44 /* Client.swift */; };
		BE16DA4020B5A17900B4CC44 /* DataManager.swift in Sources */ = {isa = PBXBuildFile; fileRef = BE16DA3E20B5A17900B4CC44 /* DataManager.swift */; };
		BE16DA4320B5A19400B4CC44 /* LoginVC.swift in Sources */ = {isa = PBXBuildFile; fileRef = BE16DA4120B5A19400B4CC44 /* LoginVC.swift */; };
		BE16DA4420B5A19400B4CC44 /* MainVC.swift in Sources */ = {isa = PBXBuildFile; fileRef = BE16DA4220B5A19400B4CC44 /* MainVC.swift */; };
		BE16DA4720B5A28E00B4CC44 /* News.storyboard in Resources */ = {isa = PBXBuildFile; fileRef = BE16DA4620B5A28E00B4CC44 /* News.storyboard */; };
		BE16DA4B20B5A45100B4CC44 /* Profile.storyboard in Resources */ = {isa = PBXBuildFile; fileRef = BE16DA4A20B5A45100B4CC44 /* Profile.storyboard */; };
		BE16DA4D20B5A49D00B4CC44 /* ProfileVC.swift in Sources */ = {isa = PBXBuildFile; fileRef = BE16DA4C20B5A49D00B4CC44 /* ProfileVC.swift */; };
		BE16DA5220B7F6CF00B4CC44 /* SteemitUser.swift in Sources */ = {isa = PBXBuildFile; fileRef = BE16DA5120B7F6CF00B4CC44 /* SteemitUser.swift */; };
		BE2189DC20AC68C5003DE215 /* TPAppDelegate.swift in Sources */ = {isa = PBXBuildFile; fileRef = BE2189DB20AC68C5003DE215 /* TPAppDelegate.swift */; };
		BE2189E120AC68C5003DE215 /* Main.storyboard in Resources */ = {isa = PBXBuildFile; fileRef = BE2189DF20AC68C5003DE215 /* Main.storyboard */; };
		BE2189E320AC68C5003DE215 /* Assets.xcassets in Resources */ = {isa = PBXBuildFile; fileRef = BE2189E220AC68C5003DE215 /* Assets.xcassets */; };
		BE2189E620AC68C5003DE215 /* LaunchScreen.storyboard in Resources */ = {isa = PBXBuildFile; fileRef = BE2189E420AC68C5003DE215 /* LaunchScreen.storyboard */; };
		BE2189F120AC68C6003DE215 /* TelePostTests.swift in Sources */ = {isa = PBXBuildFile; fileRef = BE2189F020AC68C6003DE215 /* TelePostTests.swift */; };
		BE2189FC20AC68C6003DE215 /* TelePostUITests.swift in Sources */ = {isa = PBXBuildFile; fileRef = BE2189FB20AC68C6003DE215 /* TelePostUITests.swift */; };
		BE218A0A20AC6A39003DE215 /* Constants.swift in Sources */ = {isa = PBXBuildFile; fileRef = BE218A0920AC6A39003DE215 /* Constants.swift */; };
		BE218A0C20AC6A49003DE215 /* API.swift in Sources */ = {isa = PBXBuildFile; fileRef = BE218A0B20AC6A49003DE215 /* API.swift */; };
		BE218A1120ACC01F003DE215 /* APIRequestParameters.swift in Sources */ = {isa = PBXBuildFile; fileRef = BE218A1020ACC01F003DE215 /* APIRequestParameters.swift */; };
		BE218A1420ACD04F003DE215 /* TopHeadlinesVC.swift in Sources */ = {isa = PBXBuildFile; fileRef = BE218A1320ACD04F003DE215 /* TopHeadlinesVC.swift */; };
		BE537C2520ACD34600676CBD /* Montserrat-Regular.ttf in Resources */ = {isa = PBXBuildFile; fileRef = BE537C2220ACD34600676CBD /* Montserrat-Regular.ttf */; };
		BE537C2620ACD34600676CBD /* Montserrat-Bold.ttf in Resources */ = {isa = PBXBuildFile; fileRef = BE537C2320ACD34600676CBD /* Montserrat-Bold.ttf */; };
		BE537C2720ACD34600676CBD /* Montserrat-Medium.ttf in Resources */ = {isa = PBXBuildFile; fileRef = BE537C2420ACD34600676CBD /* Montserrat-Medium.ttf */; };
		BE537C2A20ACD64300676CBD /* TopHeadlineCell.swift in Sources */ = {isa = PBXBuildFile; fileRef = BE537C2920ACD64300676CBD /* TopHeadlineCell.swift */; };
		BE537C2D20ACD7F300676CBD /* TopHeadline.swift in Sources */ = {isa = PBXBuildFile; fileRef = BE537C2C20ACD7F300676CBD /* TopHeadline.swift */; };
		BE537C3020ACD84900676CBD /* Source.swift in Sources */ = {isa = PBXBuildFile; fileRef = BE537C2F20ACD84900676CBD /* Source.swift */; };
		BE537C3320ACDD0800676CBD /* UIViewController+Additions.swift in Sources */ = {isa = PBXBuildFile; fileRef = BE537C3220ACDD0800676CBD /* UIViewController+Additions.swift */; };
		BE537C3520ACE13D00676CBD /* NSAttributedString.swift in Sources */ = {isa = PBXBuildFile; fileRef = BE537C3420ACE13D00676CBD /* NSAttributedString.swift */; };
		BE537C3720ACE69F00676CBD /* TelePostWebViewVC.swift in Sources */ = {isa = PBXBuildFile; fileRef = BE537C3620ACE69F00676CBD /* TelePostWebViewVC.swift */; };
		BE537C3920ACE7C500676CBD /* StoryboardInstantiation.swift in Sources */ = {isa = PBXBuildFile; fileRef = BE537C3820ACE7C500676CBD /* StoryboardInstantiation.swift */; };
		BE537C3B20ACE7CE00676CBD /* ConstaintMaker.swift in Sources */ = {isa = PBXBuildFile; fileRef = BE537C3A20ACE7CE00676CBD /* ConstaintMaker.swift */; };
		BE537C3D20AD795100676CBD /* CountryTopHeadlinesCollectionViewCell.swift in Sources */ = {isa = PBXBuildFile; fileRef = BE537C3C20AD795100676CBD /* CountryTopHeadlinesCollectionViewCell.swift */; };
		BE96E26F20BE72E800DEA26F /* SteemNewsVC.swift in Sources */ = {isa = PBXBuildFile; fileRef = BE96E26E20BE72E800DEA26F /* SteemNewsVC.swift */; };
		BE96E27220BE81E000DEA26F /* SteemNewsTableCell.swift in Sources */ = {isa = PBXBuildFile; fileRef = BE96E27120BE81E000DEA26F /* SteemNewsTableCell.swift */; };
		BE96E27420BE82F500DEA26F /* UIView+Additions.swift in Sources */ = {isa = PBXBuildFile; fileRef = BE96E27320BE82F400DEA26F /* UIView+Additions.swift */; };
		BE96E27620BE843800DEA26F /* SteemNews.swift in Sources */ = {isa = PBXBuildFile; fileRef = BE96E27520BE843800DEA26F /* SteemNews.swift */; };
		BE96E27820BE9C8A00DEA26F /* ChooseOptionVC.swift in Sources */ = {isa = PBXBuildFile; fileRef = BE96E27720BE9C8900DEA26F /* ChooseOptionVC.swift */; };
/* End PBXBuildFile section */

/* Begin PBXContainerItemProxy section */
		BE2189ED20AC68C6003DE215 /* PBXContainerItemProxy */ = {
			isa = PBXContainerItemProxy;
			containerPortal = BE2189D020AC68C4003DE215 /* Project object */;
			proxyType = 1;
			remoteGlobalIDString = BE2189D720AC68C4003DE215;
			remoteInfo = TelePost;
		};
		BE2189F820AC68C6003DE215 /* PBXContainerItemProxy */ = {
			isa = PBXContainerItemProxy;
			containerPortal = BE2189D020AC68C4003DE215 /* Project object */;
			proxyType = 1;
			remoteGlobalIDString = BE2189D720AC68C4003DE215;
			remoteInfo = TelePost;
		};
/* End PBXContainerItemProxy section */

/* Begin PBXFileReference section */
		4BC75ACC492976EAEFE9D948 /* Pods-TelePost.debug.xcconfig */ = {isa = PBXFileReference; includeInIndex = 1; lastKnownFileType = text.xcconfig; name = "Pods-TelePost.debug.xcconfig"; path = "Pods/Target Support Files/Pods-TelePost/Pods-TelePost.debug.xcconfig"; sourceTree = "<group>"; };
		8210B7719DC6A44275E6F79C /* Pods-TelePost.release.xcconfig */ = {isa = PBXFileReference; includeInIndex = 1; lastKnownFileType = text.xcconfig; name = "Pods-TelePost.release.xcconfig"; path = "Pods/Target Support Files/Pods-TelePost/Pods-TelePost.release.xcconfig"; sourceTree = "<group>"; };
		8F5E0FA5F38FA2851AF329CD /* Pods_TelePost.framework */ = {isa = PBXFileReference; explicitFileType = wrapper.framework; includeInIndex = 0; path = Pods_TelePost.framework; sourceTree = BUILT_PRODUCTS_DIR; };
		BE16DA3D20B5A17900B4CC44 /* Client.swift */ = {isa = PBXFileReference; fileEncoding = 4; lastKnownFileType = sourcecode.swift; path = Client.swift; sourceTree = "<group>"; };
		BE16DA3E20B5A17900B4CC44 /* DataManager.swift */ = {isa = PBXFileReference; fileEncoding = 4; lastKnownFileType = sourcecode.swift; path = DataManager.swift; sourceTree = "<group>"; };
		BE16DA4120B5A19400B4CC44 /* LoginVC.swift */ = {isa = PBXFileReference; fileEncoding = 4; lastKnownFileType = sourcecode.swift; path = LoginVC.swift; sourceTree = "<group>"; };
		BE16DA4220B5A19400B4CC44 /* MainVC.swift */ = {isa = PBXFileReference; fileEncoding = 4; lastKnownFileType = sourcecode.swift; path = MainVC.swift; sourceTree = "<group>"; };
		BE16DA4620B5A28E00B4CC44 /* News.storyboard */ = {isa = PBXFileReference; lastKnownFileType = file.storyboard; path = News.storyboard; sourceTree = "<group>"; };
		BE16DA4A20B5A45100B4CC44 /* Profile.storyboard */ = {isa = PBXFileReference; lastKnownFileType = file.storyboard; path = Profile.storyboard; sourceTree = "<group>"; };
		BE16DA4C20B5A49D00B4CC44 /* ProfileVC.swift */ = {isa = PBXFileReference; lastKnownFileType = sourcecode.swift; path = ProfileVC.swift; sourceTree = "<group>"; };
		BE16DA5120B7F6CF00B4CC44 /* SteemitUser.swift */ = {isa = PBXFileReference; lastKnownFileType = sourcecode.swift; path = SteemitUser.swift; sourceTree = "<group>"; };
		BE2189D820AC68C5003DE215 /* TelePost.app */ = {isa = PBXFileReference; explicitFileType = wrapper.application; includeInIndex = 0; path = TelePost.app; sourceTree = BUILT_PRODUCTS_DIR; };
		BE2189DB20AC68C5003DE215 /* TPAppDelegate.swift */ = {isa = PBXFileReference; lastKnownFileType = sourcecode.swift; path = TPAppDelegate.swift; sourceTree = "<group>"; };
		BE2189E020AC68C5003DE215 /* Base */ = {isa = PBXFileReference; lastKnownFileType = file.storyboard; name = Base; path = Base.lproj/Main.storyboard; sourceTree = "<group>"; };
		BE2189E220AC68C5003DE215 /* Assets.xcassets */ = {isa = PBXFileReference; lastKnownFileType = folder.assetcatalog; path = Assets.xcassets; sourceTree = "<group>"; };
		BE2189E520AC68C5003DE215 /* Base */ = {isa = PBXFileReference; lastKnownFileType = file.storyboard; name = Base; path = Base.lproj/LaunchScreen.storyboard; sourceTree = "<group>"; };
		BE2189E720AC68C5003DE215 /* Info.plist */ = {isa = PBXFileReference; lastKnownFileType = text.plist.xml; path = Info.plist; sourceTree = "<group>"; };
		BE2189EC20AC68C6003DE215 /* TelePostTests.xctest */ = {isa = PBXFileReference; explicitFileType = wrapper.cfbundle; includeInIndex = 0; path = TelePostTests.xctest; sourceTree = BUILT_PRODUCTS_DIR; };
		BE2189F020AC68C6003DE215 /* TelePostTests.swift */ = {isa = PBXFileReference; lastKnownFileType = sourcecode.swift; path = TelePostTests.swift; sourceTree = "<group>"; };
		BE2189F220AC68C6003DE215 /* Info.plist */ = {isa = PBXFileReference; lastKnownFileType = text.plist.xml; path = Info.plist; sourceTree = "<group>"; };
		BE2189F720AC68C6003DE215 /* TelePostUITests.xctest */ = {isa = PBXFileReference; explicitFileType = wrapper.cfbundle; includeInIndex = 0; path = TelePostUITests.xctest; sourceTree = BUILT_PRODUCTS_DIR; };
		BE2189FB20AC68C6003DE215 /* TelePostUITests.swift */ = {isa = PBXFileReference; lastKnownFileType = sourcecode.swift; path = TelePostUITests.swift; sourceTree = "<group>"; };
		BE2189FD20AC68C6003DE215 /* Info.plist */ = {isa = PBXFileReference; lastKnownFileType = text.plist.xml; path = Info.plist; sourceTree = "<group>"; };
		BE218A0920AC6A39003DE215 /* Constants.swift */ = {isa = PBXFileReference; fileEncoding = 4; lastKnownFileType = sourcecode.swift; path = Constants.swift; sourceTree = "<group>"; };
		BE218A0B20AC6A49003DE215 /* API.swift */ = {isa = PBXFileReference; fileEncoding = 4; lastKnownFileType = sourcecode.swift; path = API.swift; sourceTree = "<group>"; };
		BE218A1020ACC01F003DE215 /* APIRequestParameters.swift */ = {isa = PBXFileReference; lastKnownFileType = sourcecode.swift; path = APIRequestParameters.swift; sourceTree = "<group>"; };
		BE218A1320ACD04F003DE215 /* TopHeadlinesVC.swift */ = {isa = PBXFileReference; lastKnownFileType = sourcecode.swift; path = TopHeadlinesVC.swift; sourceTree = "<group>"; };
		BE537C2220ACD34600676CBD /* Montserrat-Regular.ttf */ = {isa = PBXFileReference; lastKnownFileType = file; path = "Montserrat-Regular.ttf"; sourceTree = "<group>"; };
		BE537C2320ACD34600676CBD /* Montserrat-Bold.ttf */ = {isa = PBXFileReference; lastKnownFileType = file; path = "Montserrat-Bold.ttf"; sourceTree = "<group>"; };
		BE537C2420ACD34600676CBD /* Montserrat-Medium.ttf */ = {isa = PBXFileReference; lastKnownFileType = file; path = "Montserrat-Medium.ttf"; sourceTree = "<group>"; };
		BE537C2920ACD64300676CBD /* TopHeadlineCell.swift */ = {isa = PBXFileReference; lastKnownFileType = sourcecode.swift; path = TopHeadlineCell.swift; sourceTree = "<group>"; };
		BE537C2C20ACD7F300676CBD /* TopHeadline.swift */ = {isa = PBXFileReference; lastKnownFileType = sourcecode.swift; path = TopHeadline.swift; sourceTree = "<group>"; };
		BE537C2F20ACD84900676CBD /* Source.swift */ = {isa = PBXFileReference; lastKnownFileType = sourcecode.swift; path = Source.swift; sourceTree = "<group>"; };
		BE537C3220ACDD0800676CBD /* UIViewController+Additions.swift */ = {isa = PBXFileReference; fileEncoding = 4; lastKnownFileType = sourcecode.swift; path = "UIViewController+Additions.swift"; sourceTree = "<group>"; };
		BE537C3420ACE13D00676CBD /* NSAttributedString.swift */ = {isa = PBXFileReference; lastKnownFileType = sourcecode.swift; path = NSAttributedString.swift; sourceTree = "<group>"; };
		BE537C3620ACE69F00676CBD /* TelePostWebViewVC.swift */ = {isa = PBXFileReference; lastKnownFileType = sourcecode.swift; path = TelePostWebViewVC.swift; sourceTree = "<group>"; };
		BE537C3820ACE7C500676CBD /* StoryboardInstantiation.swift */ = {isa = PBXFileReference; fileEncoding = 4; lastKnownFileType = sourcecode.swift; path = StoryboardInstantiation.swift; sourceTree = "<group>"; };
		BE537C3A20ACE7CE00676CBD /* ConstaintMaker.swift */ = {isa = PBXFileReference; fileEncoding = 4; lastKnownFileType = sourcecode.swift; path = ConstaintMaker.swift; sourceTree = "<group>"; };
		BE537C3C20AD795100676CBD /* CountryTopHeadlinesCollectionViewCell.swift */ = {isa = PBXFileReference; lastKnownFileType = sourcecode.swift; path = CountryTopHeadlinesCollectionViewCell.swift; sourceTree = "<group>"; };
		BE96E26E20BE72E800DEA26F /* SteemNewsVC.swift */ = {isa = PBXFileReference; lastKnownFileType = sourcecode.swift; path = SteemNewsVC.swift; sourceTree = "<group>"; };
		BE96E27120BE81E000DEA26F /* SteemNewsTableCell.swift */ = {isa = PBXFileReference; lastKnownFileType = sourcecode.swift; path = SteemNewsTableCell.swift; sourceTree = "<group>"; };
		BE96E27320BE82F400DEA26F /* UIView+Additions.swift */ = {isa = PBXFileReference; fileEncoding = 4; lastKnownFileType = sourcecode.swift; path = "UIView+Additions.swift"; sourceTree = "<group>"; };
		BE96E27520BE843800DEA26F /* SteemNews.swift */ = {isa = PBXFileReference; lastKnownFileType = sourcecode.swift; path = SteemNews.swift; sourceTree = "<group>"; };
		BE96E27720BE9C8900DEA26F /* ChooseOptionVC.swift */ = {isa = PBXFileReference; fileEncoding = 4; lastKnownFileType = sourcecode.swift; path = ChooseOptionVC.swift; sourceTree = "<group>"; };
/* End PBXFileReference section */

/* Begin PBXFrameworksBuildPhase section */
		BE2189D520AC68C4003DE215 /* Frameworks */ = {
			isa = PBXFrameworksBuildPhase;
			buildActionMask = 2147483647;
			files = (
				66A1509334CA2EDE84544134 /* Pods_TelePost.framework in Frameworks */,
			);
			runOnlyForDeploymentPostprocessing = 0;
		};
		BE2189E920AC68C6003DE215 /* Frameworks */ = {
			isa = PBXFrameworksBuildPhase;
			buildActionMask = 2147483647;
			files = (
			);
			runOnlyForDeploymentPostprocessing = 0;
		};
		BE2189F420AC68C6003DE215 /* Frameworks */ = {
			isa = PBXFrameworksBuildPhase;
			buildActionMask = 2147483647;
			files = (
			);
			runOnlyForDeploymentPostprocessing = 0;
		};
/* End PBXFrameworksBuildPhase section */

/* Begin PBXGroup section */
		311AD23AED71D497E4A133C4 /* Frameworks */ = {
			isa = PBXGroup;
			children = (
				8F5E0FA5F38FA2851AF329CD /* Pods_TelePost.framework */,
			);
			name = Frameworks;
			sourceTree = "<group>";
		};
		5BEA44867E474A319D9090CE /* Pods */ = {
			isa = PBXGroup;
			children = (
				4BC75ACC492976EAEFE9D948 /* Pods-TelePost.debug.xcconfig */,
				8210B7719DC6A44275E6F79C /* Pods-TelePost.release.xcconfig */,
			);
			name = Pods;
			sourceTree = "<group>";
		};
		BE16DA4520B5A23200B4CC44 /* News */ = {
			isa = PBXGroup;
			children = (
				BE96E27720BE9C8900DEA26F /* ChooseOptionVC.swift */,
				BE96E26E20BE72E800DEA26F /* SteemNewsVC.swift */,
				BE218A1320ACD04F003DE215 /* TopHeadlinesVC.swift */,
				BE537C3620ACE69F00676CBD /* TelePostWebViewVC.swift */,
				BE16DA4620B5A28E00B4CC44 /* News.storyboard */,
			);
			path = News;
			sourceTree = "<group>";
		};
		BE16DA4920B5A44000B4CC44 /* Profile */ = {
			isa = PBXGroup;
			children = (
				BE16DA4A20B5A45100B4CC44 /* Profile.storyboard */,
				BE16DA4C20B5A49D00B4CC44 /* ProfileVC.swift */,
			);
			path = Profile;
			sourceTree = "<group>";
		};
		BE16DA5020B7F6B900B4CC44 /* User */ = {
			isa = PBXGroup;
			children = (
				BE16DA5120B7F6CF00B4CC44 /* SteemitUser.swift */,
			);
			path = User;
			sourceTree = "<group>";
		};
		BE2189CF20AC68C4003DE215 = {
			isa = PBXGroup;
			children = (
				BE2189DA20AC68C5003DE215 /* TelePost */,
				BE2189EF20AC68C6003DE215 /* TelePostTests */,
				BE2189FA20AC68C6003DE215 /* TelePostUITests */,
				BE2189D920AC68C5003DE215 /* Products */,
				5BEA44867E474A319D9090CE /* Pods */,
				311AD23AED71D497E4A133C4 /* Frameworks */,
			);
			sourceTree = "<group>";
		};
		BE2189D920AC68C5003DE215 /* Products */ = {
			isa = PBXGroup;
			children = (
				BE2189D820AC68C5003DE215 /* TelePost.app */,
				BE2189EC20AC68C6003DE215 /* TelePostTests.xctest */,
				BE2189F720AC68C6003DE215 /* TelePostUITests.xctest */,
			);
			name = Products;
			sourceTree = "<group>";
		};
		BE2189DA20AC68C5003DE215 /* TelePost */ = {
			isa = PBXGroup;
			children = (
				BE537C3120ACDCFD00676CBD /* Extensions */,
				BE537C2B20ACD7C400676CBD /* Models */,
				BE537C2820ACD61900676CBD /* Views */,
				BE537C2120ACD33B00676CBD /* Fonts */,
				BE218A1220ACD029003DE215 /* ViewControllers */,
				BE218A0F20ACC003003DE215 /* Helpers */,
				BE218A0E20AC6A57003DE215 /* AppDelegate */,
				BE218A0D20AC6A4D003DE215 /* API */,
				BE2189E220AC68C5003DE215 /* Assets.xcassets */,
				BE2189E420AC68C5003DE215 /* LaunchScreen.storyboard */,
				BE2189E720AC68C5003DE215 /* Info.plist */,
			);
			path = TelePost;
			sourceTree = "<group>";
		};
		BE2189EF20AC68C6003DE215 /* TelePostTests */ = {
			isa = PBXGroup;
			children = (
				BE2189F020AC68C6003DE215 /* TelePostTests.swift */,
				BE2189F220AC68C6003DE215 /* Info.plist */,
			);
			path = TelePostTests;
			sourceTree = "<group>";
		};
		BE2189FA20AC68C6003DE215 /* TelePostUITests */ = {
			isa = PBXGroup;
			children = (
				BE2189FB20AC68C6003DE215 /* TelePostUITests.swift */,
				BE2189FD20AC68C6003DE215 /* Info.plist */,
			);
			path = TelePostUITests;
			sourceTree = "<group>";
		};
		BE218A0D20AC6A4D003DE215 /* API */ = {
			isa = PBXGroup;
			children = (
				BE218A0B20AC6A49003DE215 /* API.swift */,
			);
			path = API;
			sourceTree = "<group>";
		};
		BE218A0E20AC6A57003DE215 /* AppDelegate */ = {
			isa = PBXGroup;
			children = (
				BE218A0920AC6A39003DE215 /* Constants.swift */,
				BE2189DB20AC68C5003DE215 /* TPAppDelegate.swift */,
			);
			path = AppDelegate;
			sourceTree = "<group>";
		};
		BE218A0F20ACC003003DE215 /* Helpers */ = {
			isa = PBXGroup;
			children = (
				BE16DA3D20B5A17900B4CC44 /* Client.swift */,
				BE16DA3E20B5A17900B4CC44 /* DataManager.swift */,
				BE537C3820ACE7C500676CBD /* StoryboardInstantiation.swift */,
				BE218A1020ACC01F003DE215 /* APIRequestParameters.swift */,
				BE537C3A20ACE7CE00676CBD /* ConstaintMaker.swift */,
			);
			path = Helpers;
			sourceTree = "<group>";
		};
		BE218A1220ACD029003DE215 /* ViewControllers */ = {
			isa = PBXGroup;
			children = (
				BE16DA4920B5A44000B4CC44 /* Profile */,
				BE218A1520ACD05E003DE215 /* Main */,
				BE16DA4520B5A23200B4CC44 /* News */,
			);
			path = ViewControllers;
			sourceTree = "<group>";
		};
		BE218A1520ACD05E003DE215 /* Main */ = {
			isa = PBXGroup;
			children = (
				BE2189DF20AC68C5003DE215 /* Main.storyboard */,
				BE16DA4120B5A19400B4CC44 /* LoginVC.swift */,
				BE16DA4220B5A19400B4CC44 /* MainVC.swift */,
			);
			path = Main;
			sourceTree = "<group>";
		};
		BE537C2120ACD33B00676CBD /* Fonts */ = {
			isa = PBXGroup;
			children = (
				BE537C2320ACD34600676CBD /* Montserrat-Bold.ttf */,
				BE537C2420ACD34600676CBD /* Montserrat-Medium.ttf */,
				BE537C2220ACD34600676CBD /* Montserrat-Regular.ttf */,
			);
			path = Fonts;
			sourceTree = "<group>";
		};
		BE537C2820ACD61900676CBD /* Views */ = {
			isa = PBXGroup;
			children = (
				BE96E27020BE81B800DEA26F /* News */,
			);
			path = Views;
			sourceTree = "<group>";
		};
		BE537C2B20ACD7C400676CBD /* Models */ = {
			isa = PBXGroup;
			children = (
				BE16DA5020B7F6B900B4CC44 /* User */,
				BE537C2E20ACD82000676CBD /* news */,
			);
			path = Models;
			sourceTree = "<group>";
		};
		BE537C2E20ACD82000676CBD /* news */ = {
			isa = PBXGroup;
			children = (
				BE537C2C20ACD7F300676CBD /* TopHeadline.swift */,
				BE537C2F20ACD84900676CBD /* Source.swift */,
				BE96E27520BE843800DEA26F /* SteemNews.swift */,
			);
			path = news;
			sourceTree = "<group>";
		};
		BE537C3120ACDCFD00676CBD /* Extensions */ = {
			isa = PBXGroup;
			children = (
				BE96E27320BE82F400DEA26F /* UIView+Additions.swift */,
				BE537C3220ACDD0800676CBD /* UIViewController+Additions.swift */,
				BE537C3420ACE13D00676CBD /* NSAttributedString.swift */,
			);
			path = Extensions;
			sourceTree = "<group>";
		};
		BE96E27020BE81B800DEA26F /* News */ = {
			isa = PBXGroup;
			children = (
				BE537C3C20AD795100676CBD /* CountryTopHeadlinesCollectionViewCell.swift */,
				BE537C2920ACD64300676CBD /* TopHeadlineCell.swift */,
				BE96E27120BE81E000DEA26F /* SteemNewsTableCell.swift */,
			);
			path = News;
			sourceTree = "<group>";
		};
/* End PBXGroup section */

/* Begin PBXNativeTarget section */
		BE2189D720AC68C4003DE215 /* TelePost */ = {
			isa = PBXNativeTarget;
			buildConfigurationList = BE218A0020AC68C6003DE215 /* Build configuration list for PBXNativeTarget "TelePost" */;
			buildPhases = (
				D998E12F6EF6C2D5DF24AE8F /* [CP] Check Pods Manifest.lock */,
				BE2189D420AC68C4003DE215 /* Sources */,
				BE2189D520AC68C4003DE215 /* Frameworks */,
				BE2189D620AC68C4003DE215 /* Resources */,
				BF374F5324DA6ACC37CF78D3 /* [CP] Embed Pods Frameworks */,
			);
			buildRules = (
			);
			dependencies = (
			);
			name = TelePost;
			productName = TelePost;
			productReference = BE2189D820AC68C5003DE215 /* TelePost.app */;
			productType = "com.apple.product-type.application";
		};
		BE2189EB20AC68C6003DE215 /* TelePostTests */ = {
			isa = PBXNativeTarget;
			buildConfigurationList = BE218A0320AC68C6003DE215 /* Build configuration list for PBXNativeTarget "TelePostTests" */;
			buildPhases = (
				BE2189E820AC68C6003DE215 /* Sources */,
				BE2189E920AC68C6003DE215 /* Frameworks */,
				BE2189EA20AC68C6003DE215 /* Resources */,
			);
			buildRules = (
			);
			dependencies = (
				BE2189EE20AC68C6003DE215 /* PBXTargetDependency */,
			);
			name = TelePostTests;
			productName = TelePostTests;
			productReference = BE2189EC20AC68C6003DE215 /* TelePostTests.xctest */;
			productType = "com.apple.product-type.bundle.unit-test";
		};
		BE2189F620AC68C6003DE215 /* TelePostUITests */ = {
			isa = PBXNativeTarget;
			buildConfigurationList = BE218A0620AC68C6003DE215 /* Build configuration list for PBXNativeTarget "TelePostUITests" */;
			buildPhases = (
				BE2189F320AC68C6003DE215 /* Sources */,
				BE2189F420AC68C6003DE215 /* Frameworks */,
				BE2189F520AC68C6003DE215 /* Resources */,
			);
			buildRules = (
			);
			dependencies = (
				BE2189F920AC68C6003DE215 /* PBXTargetDependency */,
			);
			name = TelePostUITests;
			productName = TelePostUITests;
			productReference = BE2189F720AC68C6003DE215 /* TelePostUITests.xctest */;
			productType = "com.apple.product-type.bundle.ui-testing";
		};
/* End PBXNativeTarget section */

/* Begin PBXProject section */
		BE2189D020AC68C4003DE215 /* Project object */ = {
			isa = PBXProject;
			attributes = {
				LastSwiftUpdateCheck = 0930;
				LastUpgradeCheck = 0930;
				ORGANIZATIONNAME = "Hitender kumar";
				TargetAttributes = {
					BE2189D720AC68C4003DE215 = {
						CreatedOnToolsVersion = 9.3;
					};
					BE2189EB20AC68C6003DE215 = {
						CreatedOnToolsVersion = 9.3;
						TestTargetID = BE2189D720AC68C4003DE215;
					};
					BE2189F620AC68C6003DE215 = {
						CreatedOnToolsVersion = 9.3;
						TestTargetID = BE2189D720AC68C4003DE215;
					};
				};
			};
			buildConfigurationList = BE2189D320AC68C4003DE215 /* Build configuration list for PBXProject "TelePost" */;
			compatibilityVersion = "Xcode 9.3";
			developmentRegion = en;
			hasScannedForEncodings = 0;
			knownRegions = (
				en,
				Base,
			);
			mainGroup = BE2189CF20AC68C4003DE215;
			productRefGroup = BE2189D920AC68C5003DE215 /* Products */;
			projectDirPath = "";
			projectRoot = "";
			targets = (
				BE2189D720AC68C4003DE215 /* TelePost */,
				BE2189EB20AC68C6003DE215 /* TelePostTests */,
				BE2189F620AC68C6003DE215 /* TelePostUITests */,
			);
		};
/* End PBXProject section */

/* Begin PBXResourcesBuildPhase section */
		BE2189D620AC68C4003DE215 /* Resources */ = {
			isa = PBXResourcesBuildPhase;
			buildActionMask = 2147483647;
			files = (
				BE537C2620ACD34600676CBD /* Montserrat-Bold.ttf in Resources */,
				BE537C2520ACD34600676CBD /* Montserrat-Regular.ttf in Resources */,
				BE16DA4B20B5A45100B4CC44 /* Profile.storyboard in Resources */,
				BE2189E620AC68C5003DE215 /* LaunchScreen.storyboard in Resources */,
				BE2189E320AC68C5003DE215 /* Assets.xcassets in Resources */,
				BE16DA4720B5A28E00B4CC44 /* News.storyboard in Resources */,
				BE537C2720ACD34600676CBD /* Montserrat-Medium.ttf in Resources */,
				BE2189E120AC68C5003DE215 /* Main.storyboard in Resources */,
			);
			runOnlyForDeploymentPostprocessing = 0;
		};
		BE2189EA20AC68C6003DE215 /* Resources */ = {
			isa = PBXResourcesBuildPhase;
			buildActionMask = 2147483647;
			files = (
			);
			runOnlyForDeploymentPostprocessing = 0;
		};
		BE2189F520AC68C6003DE215 /* Resources */ = {
			isa = PBXResourcesBuildPhase;
			buildActionMask = 2147483647;
			files = (
			);
			runOnlyForDeploymentPostprocessing = 0;
		};
/* End PBXResourcesBuildPhase section */

/* Begin PBXShellScriptBuildPhase section */
		BF374F5324DA6ACC37CF78D3 /* [CP] Embed Pods Frameworks */ = {
			isa = PBXShellScriptBuildPhase;
			buildActionMask = 2147483647;
			files = (
			);
			inputPaths = (
				"${SRCROOT}/Pods/Target Support Files/Pods-TelePost/Pods-TelePost-frameworks.sh",
				"${BUILT_PRODUCTS_DIR}/NVActivityIndicatorView/NVActivityIndicatorView.framework",
				"${BUILT_PRODUCTS_DIR}/ReachabilitySwift/ReachabilitySwift.framework",
				"${BUILT_PRODUCTS_DIR}/SDWebImage/SDWebImage.framework",
			);
			name = "[CP] Embed Pods Frameworks";
			outputPaths = (
				"${TARGET_BUILD_DIR}/${FRAMEWORKS_FOLDER_PATH}/NVActivityIndicatorView.framework",
				"${TARGET_BUILD_DIR}/${FRAMEWORKS_FOLDER_PATH}/ReachabilitySwift.framework",
				"${TARGET_BUILD_DIR}/${FRAMEWORKS_FOLDER_PATH}/SDWebImage.framework",
			);
			runOnlyForDeploymentPostprocessing = 0;
			shellPath = /bin/sh;
			shellScript = "\"${SRCROOT}/Pods/Target Support Files/Pods-TelePost/Pods-TelePost-frameworks.sh\"\n";
			showEnvVarsInLog = 0;
		};
		D998E12F6EF6C2D5DF24AE8F /* [CP] Check Pods Manifest.lock */ = {
			isa = PBXShellScriptBuildPhase;
			buildActionMask = 2147483647;
			files = (
			);
			inputPaths = (
				"${PODS_PODFILE_DIR_PATH}/Podfile.lock",
				"${PODS_ROOT}/Manifest.lock",
			);
			name = "[CP] Check Pods Manifest.lock";
			outputPaths = (
				"$(DERIVED_FILE_DIR)/Pods-TelePost-checkManifestLockResult.txt",
			);
			runOnlyForDeploymentPostprocessing = 0;
			shellPath = /bin/sh;
			shellScript = "diff \"${PODS_PODFILE_DIR_PATH}/Podfile.lock\" \"${PODS_ROOT}/Manifest.lock\" > /dev/null\nif [ $? != 0 ] ; then\n    # print error to STDERR\n    echo \"error: The sandbox is not in sync with the Podfile.lock. Run 'pod install' or update your CocoaPods installation.\" >&2\n    exit 1\nfi\n# This output is used by Xcode 'outputs' to avoid re-running this script phase.\necho \"SUCCESS\" > \"${SCRIPT_OUTPUT_FILE_0}\"\n";
			showEnvVarsInLog = 0;
		};
/* End PBXShellScriptBuildPhase section */

/* Begin PBXSourcesBuildPhase section */
		BE2189D420AC68C4003DE215 /* Sources */ = {
			isa = PBXSourcesBuildPhase;
			buildActionMask = 2147483647;
			files = (
				BE218A1420ACD04F003DE215 /* TopHeadlinesVC.swift in Sources */,
				BE16DA4020B5A17900B4CC44 /* DataManager.swift in Sources */,
				BE537C2D20ACD7F300676CBD /* TopHeadline.swift in Sources */,
				BE16DA4D20B5A49D00B4CC44 /* ProfileVC.swift in Sources */,
				BE218A1120ACC01F003DE215 /* APIRequestParameters.swift in Sources */,
				BE96E27820BE9C8A00DEA26F /* ChooseOptionVC.swift in Sources */,
				BE16DA4320B5A19400B4CC44 /* LoginVC.swift in Sources */,
				BE96E27220BE81E000DEA26F /* SteemNewsTableCell.swift in Sources */,
				BE96E27420BE82F500DEA26F /* UIView+Additions.swift in Sources */,
				BE537C3720ACE69F00676CBD /* TelePostWebViewVC.swift in Sources */,
				BE96E26F20BE72E800DEA26F /* SteemNewsVC.swift in Sources */,
				BE2189DC20AC68C5003DE215 /* TPAppDelegate.swift in Sources */,
				BE537C3020ACD84900676CBD /* Source.swift in Sources */,
				BE218A0C20AC6A49003DE215 /* API.swift in Sources */,
				BE96E27620BE843800DEA26F /* SteemNews.swift in Sources */,
				BE16DA5220B7F6CF00B4CC44 /* SteemitUser.swift in Sources */,
				BE218A0A20AC6A39003DE215 /* Constants.swift in Sources */,
				BE16DA3F20B5A17900B4CC44 /* Client.swift in Sources */,
				BE537C3520ACE13D00676CBD /* NSAttributedString.swift in Sources */,
				BE537C3320ACDD0800676CBD /* UIViewController+Additions.swift in Sources */,
				BE16DA4420B5A19400B4CC44 /* MainVC.swift in Sources */,
				BE537C3920ACE7C500676CBD /* StoryboardInstantiation.swift in Sources */,
				BE537C2A20ACD64300676CBD /* TopHeadlineCell.swift in Sources */,
				BE537C3B20ACE7CE00676CBD /* ConstaintMaker.swift in Sources */,
				BE537C3D20AD795100676CBD /* CountryTopHeadlinesCollectionViewCell.swift in Sources */,
			);
			runOnlyForDeploymentPostprocessing = 0;
		};
		BE2189E820AC68C6003DE215 /* Sources */ = {
			isa = PBXSourcesBuildPhase;
			buildActionMask = 2147483647;
			files = (
				BE2189F120AC68C6003DE215 /* TelePostTests.swift in Sources */,
			);
			runOnlyForDeploymentPostprocessing = 0;
		};
		BE2189F320AC68C6003DE215 /* Sources */ = {
			isa = PBXSourcesBuildPhase;
			buildActionMask = 2147483647;
			files = (
				BE2189FC20AC68C6003DE215 /* TelePostUITests.swift in Sources */,
			);
			runOnlyForDeploymentPostprocessing = 0;
		};
/* End PBXSourcesBuildPhase section */

/* Begin PBXTargetDependency section */
		BE2189EE20AC68C6003DE215 /* PBXTargetDependency */ = {
			isa = PBXTargetDependency;
			target = BE2189D720AC68C4003DE215 /* TelePost */;
			targetProxy = BE2189ED20AC68C6003DE215 /* PBXContainerItemProxy */;
		};
		BE2189F920AC68C6003DE215 /* PBXTargetDependency */ = {
			isa = PBXTargetDependency;
			target = BE2189D720AC68C4003DE215 /* TelePost */;
			targetProxy = BE2189F820AC68C6003DE215 /* PBXContainerItemProxy */;
		};
/* End PBXTargetDependency section */

/* Begin PBXVariantGroup section */
		BE2189DF20AC68C5003DE215 /* Main.storyboard */ = {
			isa = PBXVariantGroup;
			children = (
				BE2189E020AC68C5003DE215 /* Base */,
			);
			name = Main.storyboard;
			sourceTree = "<group>";
		};
		BE2189E420AC68C5003DE215 /* LaunchScreen.storyboard */ = {
			isa = PBXVariantGroup;
			children = (
				BE2189E520AC68C5003DE215 /* Base */,
			);
			name = LaunchScreen.storyboard;
			sourceTree = "<group>";
		};
/* End PBXVariantGroup section */

/* Begin XCBuildConfiguration section */
		BE2189FE20AC68C6003DE215 /* Debug */ = {
			isa = XCBuildConfiguration;
			buildSettings = {
				ALWAYS_SEARCH_USER_PATHS = NO;
				CLANG_ANALYZER_NONNULL = YES;
				CLANG_ANALYZER_NUMBER_OBJECT_CONVERSION = YES_AGGRESSIVE;
				CLANG_CXX_LANGUAGE_STANDARD = "gnu++14";
				CLANG_CXX_LIBRARY = "libc++";
				CLANG_ENABLE_MODULES = YES;
				CLANG_ENABLE_OBJC_ARC = YES;
				CLANG_ENABLE_OBJC_WEAK = YES;
				CLANG_WARN_BLOCK_CAPTURE_AUTORELEASING = YES;
				CLANG_WARN_BOOL_CONVERSION = YES;
				CLANG_WARN_COMMA = YES;
				CLANG_WARN_CONSTANT_CONVERSION = YES;
				CLANG_WARN_DEPRECATED_OBJC_IMPLEMENTATIONS = YES;
				CLANG_WARN_DIRECT_OBJC_ISA_USAGE = YES_ERROR;
				CLANG_WARN_DOCUMENTATION_COMMENTS = YES;
				CLANG_WARN_EMPTY_BODY = YES;
				CLANG_WARN_ENUM_CONVERSION = YES;
				CLANG_WARN_INFINITE_RECURSION = YES;
				CLANG_WARN_INT_CONVERSION = YES;
				CLANG_WARN_NON_LITERAL_NULL_CONVERSION = YES;
				CLANG_WARN_OBJC_IMPLICIT_RETAIN_SELF = YES;
				CLANG_WARN_OBJC_LITERAL_CONVERSION = YES;
				CLANG_WARN_OBJC_ROOT_CLASS = YES_ERROR;
				CLANG_WARN_RANGE_LOOP_ANALYSIS = YES;
				CLANG_WARN_STRICT_PROTOTYPES = YES;
				CLANG_WARN_SUSPICIOUS_MOVE = YES;
				CLANG_WARN_UNGUARDED_AVAILABILITY = YES_AGGRESSIVE;
				CLANG_WARN_UNREACHABLE_CODE = YES;
				CLANG_WARN__DUPLICATE_METHOD_MATCH = YES;
				CODE_SIGN_IDENTITY = "iPhone Developer";
				COPY_PHASE_STRIP = NO;
				DEBUG_INFORMATION_FORMAT = dwarf;
				ENABLE_STRICT_OBJC_MSGSEND = YES;
				ENABLE_TESTABILITY = YES;
				GCC_C_LANGUAGE_STANDARD = gnu11;
				GCC_DYNAMIC_NO_PIC = NO;
				GCC_NO_COMMON_BLOCKS = YES;
				GCC_OPTIMIZATION_LEVEL = 0;
				GCC_PREPROCESSOR_DEFINITIONS = (
					"DEBUG=1",
					"$(inherited)",
				);
				GCC_WARN_64_TO_32_BIT_CONVERSION = YES;
				GCC_WARN_ABOUT_RETURN_TYPE = YES_ERROR;
				GCC_WARN_UNDECLARED_SELECTOR = YES;
				GCC_WARN_UNINITIALIZED_AUTOS = YES_AGGRESSIVE;
				GCC_WARN_UNUSED_FUNCTION = YES;
				GCC_WARN_UNUSED_VARIABLE = YES;
				IPHONEOS_DEPLOYMENT_TARGET = 11.3;
				MTL_ENABLE_DEBUG_INFO = YES;
				ONLY_ACTIVE_ARCH = YES;
				SDKROOT = iphoneos;
				SWIFT_ACTIVE_COMPILATION_CONDITIONS = DEBUG;
				SWIFT_OPTIMIZATION_LEVEL = "-Onone";
			};
			name = Debug;
		};
		BE2189FF20AC68C6003DE215 /* Release */ = {
			isa = XCBuildConfiguration;
			buildSettings = {
				ALWAYS_SEARCH_USER_PATHS = NO;
				CLANG_ANALYZER_NONNULL = YES;
				CLANG_ANALYZER_NUMBER_OBJECT_CONVERSION = YES_AGGRESSIVE;
				CLANG_CXX_LANGUAGE_STANDARD = "gnu++14";
				CLANG_CXX_LIBRARY = "libc++";
				CLANG_ENABLE_MODULES = YES;
				CLANG_ENABLE_OBJC_ARC = YES;
				CLANG_ENABLE_OBJC_WEAK = YES;
				CLANG_WARN_BLOCK_CAPTURE_AUTORELEASING = YES;
				CLANG_WARN_BOOL_CONVERSION = YES;
				CLANG_WARN_COMMA = YES;
				CLANG_WARN_CONSTANT_CONVERSION = YES;
				CLANG_WARN_DEPRECATED_OBJC_IMPLEMENTATIONS = YES;
				CLANG_WARN_DIRECT_OBJC_ISA_USAGE = YES_ERROR;
				CLANG_WARN_DOCUMENTATION_COMMENTS = YES;
				CLANG_WARN_EMPTY_BODY = YES;
				CLANG_WARN_ENUM_CONVERSION = YES;
				CLANG_WARN_INFINITE_RECURSION = YES;
				CLANG_WARN_INT_CONVERSION = YES;
				CLANG_WARN_NON_LITERAL_NULL_CONVERSION = YES;
				CLANG_WARN_OBJC_IMPLICIT_RETAIN_SELF = YES;
				CLANG_WARN_OBJC_LITERAL_CONVERSION = YES;
				CLANG_WARN_OBJC_ROOT_CLASS = YES_ERROR;
				CLANG_WARN_RANGE_LOOP_ANALYSIS = YES;
				CLANG_WARN_STRICT_PROTOTYPES = YES;
				CLANG_WARN_SUSPICIOUS_MOVE = YES;
				CLANG_WARN_UNGUARDED_AVAILABILITY = YES_AGGRESSIVE;
				CLANG_WARN_UNREACHABLE_CODE = YES;
				CLANG_WARN__DUPLICATE_METHOD_MATCH = YES;
				CODE_SIGN_IDENTITY = "iPhone Developer";
				COPY_PHASE_STRIP = NO;
				DEBUG_INFORMATION_FORMAT = "dwarf-with-dsym";
				ENABLE_NS_ASSERTIONS = NO;
				ENABLE_STRICT_OBJC_MSGSEND = YES;
				GCC_C_LANGUAGE_STANDARD = gnu11;
				GCC_NO_COMMON_BLOCKS = YES;
				GCC_WARN_64_TO_32_BIT_CONVERSION = YES;
				GCC_WARN_ABOUT_RETURN_TYPE = YES_ERROR;
				GCC_WARN_UNDECLARED_SELECTOR = YES;
				GCC_WARN_UNINITIALIZED_AUTOS = YES_AGGRESSIVE;
				GCC_WARN_UNUSED_FUNCTION = YES;
				GCC_WARN_UNUSED_VARIABLE = YES;
				IPHONEOS_DEPLOYMENT_TARGET = 11.3;
				MTL_ENABLE_DEBUG_INFO = NO;
				SDKROOT = iphoneos;
				SWIFT_COMPILATION_MODE = wholemodule;
				SWIFT_OPTIMIZATION_LEVEL = "-O";
				VALIDATE_PRODUCT = YES;
			};
			name = Release;
		};
		BE218A0120AC68C6003DE215 /* Debug */ = {
			isa = XCBuildConfiguration;
			baseConfigurationReference = 4BC75ACC492976EAEFE9D948 /* Pods-TelePost.debug.xcconfig */;
			buildSettings = {
				ASSETCATALOG_COMPILER_APPICON_NAME = AppIcon;
				CODE_SIGN_STYLE = Automatic;
				DEVELOPMENT_TEAM = 924BKJRUD2;
				INFOPLIST_FILE = TelePost/Info.plist;
				LD_RUNPATH_SEARCH_PATHS = (
					"$(inherited)",
					"@executable_path/Frameworks",
				);
				PRODUCT_BUNDLE_IDENTIFIER = hitenkmr.TelePost;
				PRODUCT_NAME = "$(TARGET_NAME)";
				SWIFT_VERSION = 4.0;
				TARGETED_DEVICE_FAMILY = "1,2";
			};
			name = Debug;
		};
		BE218A0220AC68C6003DE215 /* Release */ = {
			isa = XCBuildConfiguration;
			baseConfigurationReference = 8210B7719DC6A44275E6F79C /* Pods-TelePost.release.xcconfig */;
			buildSettings = {
				ASSETCATALOG_COMPILER_APPICON_NAME = AppIcon;
				CODE_SIGN_STYLE = Automatic;
				DEVELOPMENT_TEAM = 924BKJRUD2;
				INFOPLIST_FILE = TelePost/Info.plist;
				LD_RUNPATH_SEARCH_PATHS = (
					"$(inherited)",
					"@executable_path/Frameworks",
				);
				PRODUCT_BUNDLE_IDENTIFIER = hitenkmr.TelePost;
				PRODUCT_NAME = "$(TARGET_NAME)";
				SWIFT_VERSION = 4.0;
				TARGETED_DEVICE_FAMILY = "1,2";
			};
			name = Release;
		};
		BE218A0420AC68C6003DE215 /* Debug */ = {
			isa = XCBuildConfiguration;
			buildSettings = {
				ALWAYS_EMBED_SWIFT_STANDARD_LIBRARIES = YES;
				BUNDLE_LOADER = "$(TEST_HOST)";
				CODE_SIGN_STYLE = Automatic;
				DEVELOPMENT_TEAM = L593776GGL;
				INFOPLIST_FILE = TelePostTests/Info.plist;
				LD_RUNPATH_SEARCH_PATHS = (
					"$(inherited)",
					"@executable_path/Frameworks",
					"@loader_path/Frameworks",
				);
				PRODUCT_BUNDLE_IDENTIFIER = hiten.TelePostTests;
				PRODUCT_NAME = "$(TARGET_NAME)";
				SWIFT_VERSION = 4.0;
				TARGETED_DEVICE_FAMILY = "1,2";
				TEST_HOST = "$(BUILT_PRODUCTS_DIR)/TelePost.app/TelePost";
			};
			name = Debug;
		};
		BE218A0520AC68C6003DE215 /* Release */ = {
			isa = XCBuildConfiguration;
			buildSettings = {
				ALWAYS_EMBED_SWIFT_STANDARD_LIBRARIES = YES;
				BUNDLE_LOADER = "$(TEST_HOST)";
				CODE_SIGN_STYLE = Automatic;
				DEVELOPMENT_TEAM = L593776GGL;
				INFOPLIST_FILE = TelePostTests/Info.plist;
				LD_RUNPATH_SEARCH_PATHS = (
					"$(inherited)",
					"@executable_path/Frameworks",
					"@loader_path/Frameworks",
				);
				PRODUCT_BUNDLE_IDENTIFIER = hiten.TelePostTests;
				PRODUCT_NAME = "$(TARGET_NAME)";
				SWIFT_VERSION = 4.0;
				TARGETED_DEVICE_FAMILY = "1,2";
				TEST_HOST = "$(BUILT_PRODUCTS_DIR)/TelePost.app/TelePost";
			};
			name = Release;
		};
		BE218A0720AC68C6003DE215 /* Debug */ = {
			isa = XCBuildConfiguration;
			buildSettings = {
				ALWAYS_EMBED_SWIFT_STANDARD_LIBRARIES = YES;
				CODE_SIGN_STYLE = Automatic;
				DEVELOPMENT_TEAM = L593776GGL;
				INFOPLIST_FILE = TelePostUITests/Info.plist;
				LD_RUNPATH_SEARCH_PATHS = (
					"$(inherited)",
					"@executable_path/Frameworks",
					"@loader_path/Frameworks",
				);
				PRODUCT_BUNDLE_IDENTIFIER = hiten.TelePostUITests;
				PRODUCT_NAME = "$(TARGET_NAME)";
				SWIFT_VERSION = 4.0;
				TARGETED_DEVICE_FAMILY = "1,2";
				TEST_TARGET_NAME = TelePost;
			};
			name = Debug;
		};
		BE218A0820AC68C6003DE215 /* Release */ = {
			isa = XCBuildConfiguration;
			buildSettings = {
				ALWAYS_EMBED_SWIFT_STANDARD_LIBRARIES = YES;
				CODE_SIGN_STYLE = Automatic;
				DEVELOPMENT_TEAM = L593776GGL;
				INFOPLIST_FILE = TelePostUITests/Info.plist;
				LD_RUNPATH_SEARCH_PATHS = (
					"$(inherited)",
					"@executable_path/Frameworks",
					"@loader_path/Frameworks",
				);
				PRODUCT_BUNDLE_IDENTIFIER = hiten.TelePostUITests;
				PRODUCT_NAME = "$(TARGET_NAME)";
				SWIFT_VERSION = 4.0;
				TARGETED_DEVICE_FAMILY = "1,2";
				TEST_TARGET_NAME = TelePost;
			};
			name = Release;
		};
/* End XCBuildConfiguration section */

/* Begin XCConfigurationList section */
		BE2189D320AC68C4003DE215 /* Build configuration list for PBXProject "TelePost" */ = {
			isa = XCConfigurationList;
			buildConfigurations = (
				BE2189FE20AC68C6003DE215 /* Debug */,
				BE2189FF20AC68C6003DE215 /* Release */,
			);
			defaultConfigurationIsVisible = 0;
			defaultConfigurationName = Release;
		};
		BE218A0020AC68C6003DE215 /* Build configuration list for PBXNativeTarget "TelePost" */ = {
			isa = XCConfigurationList;
			buildConfigurations = (
				BE218A0120AC68C6003DE215 /* Debug */,
				BE218A0220AC68C6003DE215 /* Release */,
			);
			defaultConfigurationIsVisible = 0;
			defaultConfigurationName = Release;
		};
		BE218A0320AC68C6003DE215 /* Build configuration list for PBXNativeTarget "TelePostTests" */ = {
			isa = XCConfigurationList;
			buildConfigurations = (
				BE218A0420AC68C6003DE215 /* Debug */,
				BE218A0520AC68C6003DE215 /* Release */,
			);
			defaultConfigurationIsVisible = 0;
			defaultConfigurationName = Release;
		};
		BE218A0620AC68C6003DE215 /* Build configuration list for PBXNativeTarget "TelePostUITests" */ = {
			isa = XCConfigurationList;
			buildConfigurations = (
				BE218A0720AC68C6003DE215 /* Debug */,
				BE218A0820AC68C6003DE215 /* Release */,
			);
			defaultConfigurationIsVisible = 0;
			defaultConfigurationName = Release;
		};
/* End XCConfigurationList section */
	};
	rootObject = BE2189D020AC68C4003DE215 /* Project object */;
}
